// !$*UTF8*$!
{
	archiveVersion = 1;
	classes = {
	};
	objectVersion = 50;
	objects = {

/* Begin PBXBuildFile section */
		AB6EB3E823DCBA5900B824D1 /* AppDelegate.swift in Sources */ = {isa = PBXBuildFile; fileRef = AB6EB3E723DCBA5900B824D1 /* AppDelegate.swift */; };
		AB6EB3EA23DCBA5900B824D1 /* SceneDelegate.swift in Sources */ = {isa = PBXBuildFile; fileRef = AB6EB3E923DCBA5900B824D1 /* SceneDelegate.swift */; };
		AB6EB3EF23DCBA5900B824D1 /* Main.storyboard in Resources */ = {isa = PBXBuildFile; fileRef = AB6EB3ED23DCBA5900B824D1 /* Main.storyboard */; };
		AB6EB3F123DCBA5A00B824D1 /* Assets.xcassets in Resources */ = {isa = PBXBuildFile; fileRef = AB6EB3F023DCBA5A00B824D1 /* Assets.xcassets */; };
		AB6EB3F423DCBA5A00B824D1 /* LaunchScreen.storyboard in Resources */ = {isa = PBXBuildFile; fileRef = AB6EB3F223DCBA5A00B824D1 /* LaunchScreen.storyboard */; };
		AB6EB40123DCC30000B824D1 /* PokedexTableViewController.swift in Sources */ = {isa = PBXBuildFile; fileRef = AB6EB40023DCC30000B824D1 /* PokedexTableViewController.swift */; };
		AB6EB40323DCC33300B824D1 /* PokemonDetailViewController.swift in Sources */ = {isa = PBXBuildFile; fileRef = AB6EB40223DCC33300B824D1 /* PokemonDetailViewController.swift */; };
		AB6EB40523DCC35700B824D1 /* Pokemon.swift in Sources */ = {isa = PBXBuildFile; fileRef = AB6EB40423DCC35700B824D1 /* Pokemon.swift */; };
		AB6EB40723DCC37400B824D1 /* PokemonController.swift in Sources */ = {isa = PBXBuildFile; fileRef = AB6EB40623DCC37400B824D1 /* PokemonController.swift */; };
		ABC295982428171E0024B7C3 /* README.md in Resources */ = {isa = PBXBuildFile; fileRef = ABC295972428171D0024B7C3 /* README.md */; };
/* End PBXBuildFile section */

/* Begin PBXFileReference section */
		AB6EB3E423DCBA5900B824D1 /* ios-sprint-challenge-pokedex.app */ = {isa = PBXFileReference; explicitFileType = wrapper.application; includeInIndex = 0; path = "ios-sprint-challenge-pokedex.app"; sourceTree = BUILT_PRODUCTS_DIR; };
		AB6EB3E723DCBA5900B824D1 /* AppDelegate.swift */ = {isa = PBXFileReference; lastKnownFileType = sourcecode.swift; path = AppDelegate.swift; sourceTree = "<group>"; };
		AB6EB3E923DCBA5900B824D1 /* SceneDelegate.swift */ = {isa = PBXFileReference; lastKnownFileType = sourcecode.swift; path = SceneDelegate.swift; sourceTree = "<group>"; };
		AB6EB3EE23DCBA5900B824D1 /* Base */ = {isa = PBXFileReference; lastKnownFileType = file.storyboard; name = Base; path = Base.lproj/Main.storyboard; sourceTree = "<group>"; };
		AB6EB3F023DCBA5A00B824D1 /* Assets.xcassets */ = {isa = PBXFileReference; lastKnownFileType = folder.assetcatalog; path = Assets.xcassets; sourceTree = "<group>"; };
		AB6EB3F323DCBA5A00B824D1 /* Base */ = {isa = PBXFileReference; lastKnownFileType = file.storyboard; name = Base; path = Base.lproj/LaunchScreen.storyboard; sourceTree = "<group>"; };
		AB6EB3F523DCBA5A00B824D1 /* Info.plist */ = {isa = PBXFileReference; lastKnownFileType = text.plist.xml; path = Info.plist; sourceTree = "<group>"; };
		AB6EB40023DCC30000B824D1 /* PokedexTableViewController.swift */ = {isa = PBXFileReference; lastKnownFileType = sourcecode.swift; path = PokedexTableViewController.swift; sourceTree = "<group>"; };
		AB6EB40223DCC33300B824D1 /* PokemonDetailViewController.swift */ = {isa = PBXFileReference; lastKnownFileType = sourcecode.swift; path = PokemonDetailViewController.swift; sourceTree = "<group>"; };
		AB6EB40423DCC35700B824D1 /* Pokemon.swift */ = {isa = PBXFileReference; lastKnownFileType = sourcecode.swift; path = Pokemon.swift; sourceTree = "<group>"; };
		AB6EB40623DCC37400B824D1 /* PokemonController.swift */ = {isa = PBXFileReference; lastKnownFileType = sourcecode.swift; path = PokemonController.swift; sourceTree = "<group>"; };
		ABC295972428171D0024B7C3 /* README.md */ = {isa = PBXFileReference; fileEncoding = 4; lastKnownFileType = net.daringfireball.markdown; name = README.md; path = "ios-sprint-challenge-pokedex/README.md"; sourceTree = SOURCE_ROOT; };
/* End PBXFileReference section */

/* Begin PBXFrameworksBuildPhase section */
		AB6EB3E123DCBA5900B824D1 /* Frameworks */ = {
			isa = PBXFrameworksBuildPhase;
			buildActionMask = 2147483647;
			files = (
			);
			runOnlyForDeploymentPostprocessing = 0;
		};
/* End PBXFrameworksBuildPhase section */

/* Begin PBXGroup section */
		AB6EB3DB23DCBA5900B824D1 = {
			isa = PBXGroup;
			children = (
				AB6EB3E623DCBA5900B824D1 /* ios-sprint-challenge-pokedex */,
				AB6EB3E523DCBA5900B824D1 /* Products */,
			);
			sourceTree = "<group>";
		};
		AB6EB3E523DCBA5900B824D1 /* Products */ = {
			isa = PBXGroup;
			children = (
				AB6EB3E423DCBA5900B824D1 /* ios-sprint-challenge-pokedex.app */,
			);
			name = Products;
			sourceTree = "<group>";
		};
		AB6EB3E623DCBA5900B824D1 /* ios-sprint-challenge-pokedex */ = {
			isa = PBXGroup;
			children = (
				ABC295972428171D0024B7C3 /* README.md */,
				AB6EB3FD23DCBABB00B824D1 /* Model */,
				AB6EB3FC23DCBAAE00B824D1 /* Model Controller */,
				AB6EB3FB23DCBA9800B824D1 /* View Controllers */,
				AB6EB3FE23DCBAE300B824D1 /* Resources */,
				AB6EB3FF23DCBB0300B824D1 /* Story Boards */,
				AB6EB3F523DCBA5A00B824D1 /* Info.plist */,
			);
			path = "ios-sprint-challenge-pokedex";
			sourceTree = "<group>";
		};
		AB6EB3FB23DCBA9800B824D1 /* View Controllers */ = {
			isa = PBXGroup;
			children = (
				AB6EB40023DCC30000B824D1 /* PokedexTableViewController.swift */,
				AB6EB40223DCC33300B824D1 /* PokemonDetailViewController.swift */,
			);
			path = "View Controllers";
			sourceTree = "<group>";
		};
		AB6EB3FC23DCBAAE00B824D1 /* Model Controller */ = {
			isa = PBXGroup;
			children = (
				AB6EB40623DCC37400B824D1 /* PokemonController.swift */,
			);
			path = "Model Controller";
			sourceTree = "<group>";
		};
		AB6EB3FD23DCBABB00B824D1 /* Model */ = {
			isa = PBXGroup;
			children = (
				AB6EB40423DCC35700B824D1 /* Pokemon.swift */,
			);
			path = Model;
			sourceTree = "<group>";
		};
		AB6EB3FE23DCBAE300B824D1 /* Resources */ = {
			isa = PBXGroup;
			children = (
				AB6EB3E723DCBA5900B824D1 /* AppDelegate.swift */,
				AB6EB3E923DCBA5900B824D1 /* SceneDelegate.swift */,
				AB6EB3F023DCBA5A00B824D1 /* Assets.xcassets */,
			);
			path = Resources;
			sourceTree = "<group>";
		};
		AB6EB3FF23DCBB0300B824D1 /* Story Boards */ = {
			isa = PBXGroup;
			children = (
				AB6EB3ED23DCBA5900B824D1 /* Main.storyboard */,
				AB6EB3F223DCBA5A00B824D1 /* LaunchScreen.storyboard */,
			);
			path = "Story Boards";
			sourceTree = "<group>";
		};
/* End PBXGroup section */

/* Begin PBXNativeTarget section */
		AB6EB3E323DCBA5900B824D1 /* ios-sprint-challenge-pokedex */ = {
			isa = PBXNativeTarget;
			buildConfigurationList = AB6EB3F823DCBA5A00B824D1 /* Build configuration list for PBXNativeTarget "ios-sprint-challenge-pokedex" */;
			buildPhases = (
				AB6EB3E023DCBA5900B824D1 /* Sources */,
				AB6EB3E123DCBA5900B824D1 /* Frameworks */,
				AB6EB3E223DCBA5900B824D1 /* Resources */,
			);
			buildRules = (
			);
			dependencies = (
			);
			name = "ios-sprint-challenge-pokedex";
			productName = "ios-sprint-challenge-pokedex";
			productReference = AB6EB3E423DCBA5900B824D1 /* ios-sprint-challenge-pokedex.app */;
			productType = "com.apple.product-type.application";
		};
/* End PBXNativeTarget section */

/* Begin PBXProject section */
		AB6EB3DC23DCBA5900B824D1 /* Project object */ = {
			isa = PBXProject;
			attributes = {
				LastSwiftUpdateCheck = 1130;
				LastUpgradeCheck = 1130;
				ORGANIZATIONNAME = "Crus Technologies";
				TargetAttributes = {
					AB6EB3E323DCBA5900B824D1 = {
						CreatedOnToolsVersion = 11.3.1;
					};
				};
			};
			buildConfigurationList = AB6EB3DF23DCBA5900B824D1 /* Build configuration list for PBXProject "ios-sprint-challenge-pokedex" */;
			compatibilityVersion = "Xcode 9.3";
			developmentRegion = en;
			hasScannedForEncodings = 0;
			knownRegions = (
				en,
				Base,
			);
			mainGroup = AB6EB3DB23DCBA5900B824D1;
			productRefGroup = AB6EB3E523DCBA5900B824D1 /* Products */;
			projectDirPath = "";
			projectRoot = "";
			targets = (
				AB6EB3E323DCBA5900B824D1 /* ios-sprint-challenge-pokedex */,
			);
		};
/* End PBXProject section */

/* Begin PBXResourcesBuildPhase section */
		AB6EB3E223DCBA5900B824D1 /* Resources */ = {
			isa = PBXResourcesBuildPhase;
			buildActionMask = 2147483647;
			files = (
				AB6EB3F423DCBA5A00B824D1 /* LaunchScreen.storyboard in Resources */,
				AB6EB3F123DCBA5A00B824D1 /* Assets.xcassets in Resources */,
				ABC295982428171E0024B7C3 /* README.md in Resources */,
				AB6EB3EF23DCBA5900B824D1 /* Main.storyboard in Resources */,
			);
			runOnlyForDeploymentPostprocessing = 0;
		};
/* End PBXResourcesBuildPhase section */

/* Begin PBXSourcesBuildPhase section */
		AB6EB3E023DCBA5900B824D1 /* Sources */ = {
			isa = PBXSourcesBuildPhase;
			buildActionMask = 2147483647;
			files = (
				AB6EB40523DCC35700B824D1 /* Pokemon.swift in Sources */,
				AB6EB40123DCC30000B824D1 /* PokedexTableViewController.swift in Sources */,
				AB6EB40323DCC33300B824D1 /* PokemonDetailViewController.swift in Sources */,
				AB6EB3E823DCBA5900B824D1 /* AppDelegate.swift in Sources */,
				AB6EB3EA23DCBA5900B824D1 /* SceneDelegate.swift in Sources */,
				AB6EB40723DCC37400B824D1 /* PokemonController.swift in Sources */,
			);
			runOnlyForDeploymentPostprocessing = 0;
		};
/* End PBXSourcesBuildPhase section */

/* Begin PBXVariantGroup section */
		AB6EB3ED23DCBA5900B824D1 /* Main.storyboard */ = {
			isa = PBXVariantGroup;
			children = (
				AB6EB3EE23DCBA5900B824D1 /* Base */,
			);
			name = Main.storyboard;
			sourceTree = "<group>";
		};
		AB6EB3F223DCBA5A00B824D1 /* LaunchScreen.storyboard */ = {
			isa = PBXVariantGroup;
			children = (
				AB6EB3F323DCBA5A00B824D1 /* Base */,
			);
			name = LaunchScreen.storyboard;
			sourceTree = "<group>";
		};
/* End PBXVariantGroup section */

/* Begin XCBuildConfiguration section */
		AB6EB3F623DCBA5A00B824D1 /* Debug */ = {
			isa = XCBuildConfiguration;
			buildSettings = {
				ALWAYS_SEARCH_USER_PATHS = NO;
				CLANG_ANALYZER_NONNULL = YES;
				CLANG_ANALYZER_NUMBER_OBJECT_CONVERSION = YES_AGGRESSIVE;
				CLANG_CXX_LANGUAGE_STANDARD = "gnu++14";
				CLANG_CXX_LIBRARY = "libc++";
				CLANG_ENABLE_MODULES = YES;
				CLANG_ENABLE_OBJC_ARC = YES;
				CLANG_ENABLE_OBJC_WEAK = YES;
				CLANG_WARN_BLOCK_CAPTURE_AUTORELEASING = YES;
				CLANG_WARN_BOOL_CONVERSION = YES;
				CLANG_WARN_COMMA = YES;
				CLANG_WARN_CONSTANT_CONVERSION = YES;
				CLANG_WARN_DEPRECATED_OBJC_IMPLEMENTATIONS = YES;
				CLANG_WARN_DIRECT_OBJC_ISA_USAGE = YES_ERROR;
				CLANG_WARN_DOCUMENTATION_COMMENTS = YES;
				CLANG_WARN_EMPTY_BODY = YES;
				CLANG_WARN_ENUM_CONVERSION = YES;
				CLANG_WARN_INFINITE_RECURSION = YES;
				CLANG_WARN_INT_CONVERSION = YES;
				CLANG_WARN_NON_LITERAL_NULL_CONVERSION = YES;
				CLANG_WARN_OBJC_IMPLICIT_RETAIN_SELF = YES;
				CLANG_WARN_OBJC_LITERAL_CONVERSION = YES;
				CLANG_WARN_OBJC_ROOT_CLASS = YES_ERROR;
				CLANG_WARN_RANGE_LOOP_ANALYSIS = YES;
				CLANG_WARN_STRICT_PROTOTYPES = YES;
				CLANG_WARN_SUSPICIOUS_MOVE = YES;
				CLANG_WARN_UNGUARDED_AVAILABILITY = YES_AGGRESSIVE;
				CLANG_WARN_UNREACHABLE_CODE = YES;
				CLANG_WARN__DUPLICATE_METHOD_MATCH = YES;
				COPY_PHASE_STRIP = NO;
				DEBUG_INFORMATION_FORMAT = dwarf;
				ENABLE_STRICT_OBJC_MSGSEND = YES;
				ENABLE_TESTABILITY = YES;
				GCC_C_LANGUAGE_STANDARD = gnu11;
				GCC_DYNAMIC_NO_PIC = NO;
				GCC_NO_COMMON_BLOCKS = YES;
				GCC_OPTIMIZATION_LEVEL = 0;
				GCC_PREPROCESSOR_DEFINITIONS = (
					"DEBUG=1",
					"$(inherited)",
				);
				GCC_WARN_64_TO_32_BIT_CONVERSION = YES;
				GCC_WARN_ABOUT_RETURN_TYPE = YES_ERROR;
				GCC_WARN_UNDECLARED_SELECTOR = YES;
				GCC_WARN_UNINITIALIZED_AUTOS = YES_AGGRESSIVE;
				GCC_WARN_UNUSED_FUNCTION = YES;
				GCC_WARN_UNUSED_VARIABLE = YES;
				IPHONEOS_DEPLOYMENT_TARGET = 13.2;
				MTL_ENABLE_DEBUG_INFO = INCLUDE_SOURCE;
				MTL_FAST_MATH = YES;
				ONLY_ACTIVE_ARCH = YES;
				SDKROOT = iphoneos;
				SWIFT_ACTIVE_COMPILATION_CONDITIONS = DEBUG;
				SWIFT_OPTIMIZATION_LEVEL = "-Onone";
			};
			name = Debug;
		};
		AB6EB3F723DCBA5A00B824D1 /* Release */ = {
			isa = XCBuildConfiguration;
			buildSettings = {
				ALWAYS_SEARCH_USER_PATHS = NO;
				CLANG_ANALYZER_NONNULL = YES;
				CLANG_ANALYZER_NUMBER_OBJECT_CONVERSION = YES_AGGRESSIVE;
				CLANG_CXX_LANGUAGE_STANDARD = "gnu++14";
				CLANG_CXX_LIBRARY = "libc++";
				CLANG_ENABLE_MODULES = YES;
				CLANG_ENABLE_OBJC_ARC = YES;
				CLANG_ENABLE_OBJC_WEAK = YES;
				CLANG_WARN_BLOCK_CAPTURE_AUTORELEASING = YES;
				CLANG_WARN_BOOL_CONVERSION = YES;
				CLANG_WARN_COMMA = YES;
				CLANG_WARN_CONSTANT_CONVERSION = YES;
				CLANG_WARN_DEPRECATED_OBJC_IMPLEMENTATIONS = YES;
				CLANG_WARN_DIRECT_OBJC_ISA_USAGE = YES_ERROR;
				CLANG_WARN_DOCUMENTATION_COMMENTS = YES;
				CLANG_WARN_EMPTY_BODY = YES;
				CLANG_WARN_ENUM_CONVERSION = YES;
				CLANG_WARN_INFINITE_RECURSION = YES;
				CLANG_WARN_INT_CONVERSION = YES;
				CLANG_WARN_NON_LITERAL_NULL_CONVERSION = YES;
				CLANG_WARN_OBJC_IMPLICIT_RETAIN_SELF = YES;
				CLANG_WARN_OBJC_LITERAL_CONVERSION = YES;
				CLANG_WARN_OBJC_ROOT_CLASS = YES_ERROR;
				CLANG_WARN_RANGE_LOOP_ANALYSIS = YES;
				CLANG_WARN_STRICT_PROTOTYPES = YES;
				CLANG_WARN_SUSPICIOUS_MOVE = YES;
				CLANG_WARN_UNGUARDED_AVAILABILITY = YES_AGGRESSIVE;
				CLANG_WARN_UNREACHABLE_CODE = YES;
				CLANG_WARN__DUPLICATE_METHOD_MATCH = YES;
				COPY_PHASE_STRIP = NO;
				DEBUG_INFORMATION_FORMAT = "dwarf-with-dsym";
				ENABLE_NS_ASSERTIONS = NO;
				ENABLE_STRICT_OBJC_MSGSEND = YES;
				GCC_C_LANGUAGE_STANDARD = gnu11;
				GCC_NO_COMMON_BLOCKS = YES;
				GCC_WARN_64_TO_32_BIT_CONVERSION = YES;
				GCC_WARN_ABOUT_RETURN_TYPE = YES_ERROR;
				GCC_WARN_UNDECLARED_SELECTOR = YES;
				GCC_WARN_UNINITIALIZED_AUTOS = YES_AGGRESSIVE;
				GCC_WARN_UNUSED_FUNCTION = YES;
				GCC_WARN_UNUSED_VARIABLE = YES;
				IPHONEOS_DEPLOYMENT_TARGET = 13.2;
				MTL_ENABLE_DEBUG_INFO = NO;
				MTL_FAST_MATH = YES;
				SDKROOT = iphoneos;
				SWIFT_COMPILATION_MODE = wholemodule;
				SWIFT_OPTIMIZATION_LEVEL = "-O";
				VALIDATE_PRODUCT = YES;
			};
			name = Release;
		};
		AB6EB3F923DCBA5A00B824D1 /* Debug */ = {
			isa = XCBuildConfiguration;
			buildSettings = {
				ASSETCATALOG_COMPILER_APPICON_NAME = AppIcon;
				CODE_SIGN_STYLE = Automatic;
				DEVELOPMENT_TEAM = 46XAGWCJPW;
				INFOPLIST_FILE = "ios-sprint-challenge-pokedex/Info.plist";
				LD_RUNPATH_SEARCH_PATHS = (
					"$(inherited)",
					"@executable_path/Frameworks",
				);
				PRODUCT_BUNDLE_IDENTIFIER = "com.pravinpatel.ios-sprint-challenge-pokedex";
				PRODUCT_NAME = "$(TARGET_NAME)";
				SWIFT_VERSION = 5.0;
				TARGETED_DEVICE_FAMILY = "1,2";
			};
			name = Debug;
		};
		AB6EB3FA23DCBA5A00B824D1 /* Release */ = {
			isa = XCBuildConfiguration;
			buildSettings = {
				ASSETCATALOG_COMPILER_APPICON_NAME = AppIcon;
				CODE_SIGN_STYLE = Automatic;
				DEVELOPMENT_TEAM = 46XAGWCJPW;
				INFOPLIST_FILE = "ios-sprint-challenge-pokedex/Info.plist";
				LD_RUNPATH_SEARCH_PATHS = (
					"$(inherited)",
					"@executable_path/Frameworks",
				);
				PRODUCT_BUNDLE_IDENTIFIER = "com.pravinpatel.ios-sprint-challenge-pokedex";
				PRODUCT_NAME = "$(TARGET_NAME)";
				SWIFT_VERSION = 5.0;
				TARGETED_DEVICE_FAMILY = "1,2";
			};
			name = Release;
		};
/* End XCBuildConfiguration section */

/* Begin XCConfigurationList section */
		AB6EB3DF23DCBA5900B824D1 /* Build configuration list for PBXProject "ios-sprint-challenge-pokedex" */ = {
			isa = XCConfigurationList;
			buildConfigurations = (
				AB6EB3F623DCBA5A00B824D1 /* Debug */,
				AB6EB3F723DCBA5A00B824D1 /* Release */,
			);
			defaultConfigurationIsVisible = 0;
			defaultConfigurationName = Release;
		};
		AB6EB3F823DCBA5A00B824D1 /* Build configuration list for PBXNativeTarget "ios-sprint-challenge-pokedex" */ = {
			isa = XCConfigurationList;
			buildConfigurations = (
				AB6EB3F923DCBA5A00B824D1 /* Debug */,
				AB6EB3FA23DCBA5A00B824D1 /* Release */,
			);
			defaultConfigurationIsVisible = 0;
			defaultConfigurationName = Release;
		};
/* End XCConfigurationList section */
	};
	rootObject = AB6EB3DC23DCBA5900B824D1 /* Project object */;
}
